// !$*UTF8*$!
{
	archiveVersion = 1;
	classes = {
	};
	objectVersion = 50;
	objects = {

/* Begin PBXBuildFile section */
		852F5DF523C65E22002B01C8 /* NibView.swift in Sources */ = {isa = PBXBuildFile; fileRef = 852F5DF423C65E22002B01C8 /* NibView.swift */; };
		852F5DF723C660FF002B01C8 /* UIView+Subviews.swift in Sources */ = {isa = PBXBuildFile; fileRef = 852F5DF623C660FF002B01C8 /* UIView+Subviews.swift */; };
		852F5DF923C661CD002B01C8 /* NSLayoutConstraint+Activate.swift in Sources */ = {isa = PBXBuildFile; fileRef = 852F5DF823C661CD002B01C8 /* NSLayoutConstraint+Activate.swift */; };
		852F5DFB23C662C2002B01C8 /* NSLayoutConstraint+Deactivate.swift in Sources */ = {isa = PBXBuildFile; fileRef = 852F5DFA23C662C2002B01C8 /* NSLayoutConstraint+Deactivate.swift */; };
		852F5DFD23C663F8002B01C8 /* SalaryRangePickerView.swift in Sources */ = {isa = PBXBuildFile; fileRef = 852F5DFC23C663F8002B01C8 /* SalaryRangePickerView.swift */; };
		852F5DFF23C66418002B01C8 /* SalaryRangePickerView.xib in Resources */ = {isa = PBXBuildFile; fileRef = 852F5DFE23C66418002B01C8 /* SalaryRangePickerView.xib */; };
		852F5E0123C6770E002B01C8 /* String+Inits.swift in Sources */ = {isa = PBXBuildFile; fileRef = 852F5E0023C6770E002B01C8 /* String+Inits.swift */; };
		856F1EDC23C5141500EB81F3 /* AppDelegate.swift in Sources */ = {isa = PBXBuildFile; fileRef = 856F1EDB23C5141500EB81F3 /* AppDelegate.swift */; };
		856F1EDE23C5141500EB81F3 /* SceneDelegate.swift in Sources */ = {isa = PBXBuildFile; fileRef = 856F1EDD23C5141500EB81F3 /* SceneDelegate.swift */; };
		856F1EE523C5141700EB81F3 /* Assets.xcassets in Resources */ = {isa = PBXBuildFile; fileRef = 856F1EE423C5141700EB81F3 /* Assets.xcassets */; };
		856F1EE823C5141700EB81F3 /* LaunchScreen.storyboard in Resources */ = {isa = PBXBuildFile; fileRef = 856F1EE623C5141700EB81F3 /* LaunchScreen.storyboard */; };
		856F1EF223C5186D00EB81F3 /* TabBarController.swift in Sources */ = {isa = PBXBuildFile; fileRef = 856F1EF123C5186D00EB81F3 /* TabBarController.swift */; };
		856F1EF523C5195C00EB81F3 /* NavigationController.swift in Sources */ = {isa = PBXBuildFile; fileRef = 856F1EF423C5195C00EB81F3 /* NavigationController.swift */; };
		856F1EF823C51AA100EB81F3 /* jobs.json in Resources */ = {isa = PBXBuildFile; fileRef = 856F1EF723C51AA000EB81F3 /* jobs.json */; };
		856F1EFD23C51B0500EB81F3 /* DataManager.swift in Sources */ = {isa = PBXBuildFile; fileRef = 856F1EFC23C51B0500EB81F3 /* DataManager.swift */; };
		856F1F0023C51B2500EB81F3 /* Job.swift in Sources */ = {isa = PBXBuildFile; fileRef = 856F1EFF23C51B2500EB81F3 /* Job.swift */; };
		856F1F0223C51B4C00EB81F3 /* ContractType.swift in Sources */ = {isa = PBXBuildFile; fileRef = 856F1F0123C51B4C00EB81F3 /* ContractType.swift */; };
		856F1F0423C51B7B00EB81F3 /* Region.swift in Sources */ = {isa = PBXBuildFile; fileRef = 856F1F0323C51B7B00EB81F3 /* Region.swift */; };
		856F1F0723C51BB300EB81F3 /* Typealias.swift in Sources */ = {isa = PBXBuildFile; fileRef = 856F1F0623C51BB300EB81F3 /* Typealias.swift */; };
		856F1F0D23C51E2C00EB81F3 /* TableViewController.xib in Resources */ = {isa = PBXBuildFile; fileRef = 856F1F0B23C51E2C00EB81F3 /* TableViewController.xib */; };
		856F1F0E23C51E2C00EB81F3 /* TableViewController.swift in Sources */ = {isa = PBXBuildFile; fileRef = 856F1F0C23C51E2C00EB81F3 /* TableViewController.swift */; };
		856F1F1623C51EE600EB81F3 /* RegionTableViewCell.xib in Resources */ = {isa = PBXBuildFile; fileRef = 856F1F1423C51EE600EB81F3 /* RegionTableViewCell.xib */; };
		856F1F1723C51EE600EB81F3 /* RegionTableViewCell.swift in Sources */ = {isa = PBXBuildFile; fileRef = 856F1F1523C51EE600EB81F3 /* RegionTableViewCell.swift */; };
		856F1F1923C51F1900EB81F3 /* TableViewCell.swift in Sources */ = {isa = PBXBuildFile; fileRef = 856F1F1823C51F1900EB81F3 /* TableViewCell.swift */; };
		856F1F1E23C51F6200EB81F3 /* Array+Elements.swift in Sources */ = {isa = PBXBuildFile; fileRef = 856F1F1D23C51F6200EB81F3 /* Array+Elements.swift */; };
		856F1F2423C51F6E00EB81F3 /* UITableViewCell+Id.swift in Sources */ = {isa = PBXBuildFile; fileRef = 856F1F1F23C51F6D00EB81F3 /* UITableViewCell+Id.swift */; };
		856F1F2523C51F6E00EB81F3 /* UITableView+Cells.swift in Sources */ = {isa = PBXBuildFile; fileRef = 856F1F2023C51F6D00EB81F3 /* UITableView+Cells.swift */; };
		856F1F2623C51F6E00EB81F3 /* UIColor+Highlight.swift in Sources */ = {isa = PBXBuildFile; fileRef = 856F1F2123C51F6E00EB81F3 /* UIColor+Highlight.swift */; };
		856F1F2723C51F6E00EB81F3 /* UIEdgeInsets+Inits.swift in Sources */ = {isa = PBXBuildFile; fileRef = 856F1F2223C51F6E00EB81F3 /* UIEdgeInsets+Inits.swift */; };
		856F1F2823C51F6E00EB81F3 /* UIStackView+Subviews.swift in Sources */ = {isa = PBXBuildFile; fileRef = 856F1F2323C51F6E00EB81F3 /* UIStackView+Subviews.swift */; };
		856F1F2D23C5203E00EB81F3 /* JobTableViewCell.swift in Sources */ = {isa = PBXBuildFile; fileRef = 856F1F2B23C5203E00EB81F3 /* JobTableViewCell.swift */; };
		856F1F2E23C5203E00EB81F3 /* JobTableViewCell.xib in Resources */ = {isa = PBXBuildFile; fileRef = 856F1F2C23C5203E00EB81F3 /* JobTableViewCell.xib */; };
		856F1F3023C520DF00EB81F3 /* ViewController.swift in Sources */ = {isa = PBXBuildFile; fileRef = 856F1F2F23C520DF00EB81F3 /* ViewController.swift */; };
		856F1F3323C5211700EB81F3 /* RegionsViewController.swift in Sources */ = {isa = PBXBuildFile; fileRef = 856F1F3123C5211700EB81F3 /* RegionsViewController.swift */; };
		856F1F3423C5211700EB81F3 /* RegionViewController.swift in Sources */ = {isa = PBXBuildFile; fileRef = 856F1F3223C5211700EB81F3 /* RegionViewController.swift */; };
		856F1F3623C5219E00EB81F3 /* JobViewController.swift in Sources */ = {isa = PBXBuildFile; fileRef = 856F1F3523C5219E00EB81F3 /* JobViewController.swift */; };
		856F1F3923C521DE00EB81F3 /* DetailsTableViewCell.xib in Resources */ = {isa = PBXBuildFile; fileRef = 856F1F3723C521DE00EB81F3 /* DetailsTableViewCell.xib */; };
		856F1F3A23C521DE00EB81F3 /* DetailsTableViewCell.swift in Sources */ = {isa = PBXBuildFile; fileRef = 856F1F3823C521DE00EB81F3 /* DetailsTableViewCell.swift */; };
		856F1F4223C5241500EB81F3 /* Constant.swift in Sources */ = {isa = PBXBuildFile; fileRef = 856F1F4123C5241500EB81F3 /* Constant.swift */; };
		856F1F4423C5245800EB81F3 /* AboutUsViewController.swift in Sources */ = {isa = PBXBuildFile; fileRef = 856F1F4323C5245800EB81F3 /* AboutUsViewController.swift */; };
		856F1F4623C524E500EB81F3 /* Filter.swift in Sources */ = {isa = PBXBuildFile; fileRef = 856F1F4523C524E500EB81F3 /* Filter.swift */; };
		856F1F4923C5251B00EB81F3 /* ScrollViewController.swift in Sources */ = {isa = PBXBuildFile; fileRef = 856F1F4723C5251B00EB81F3 /* ScrollViewController.swift */; };
		856F1F4A23C5251B00EB81F3 /* ScrollViewController.xib in Resources */ = {isa = PBXBuildFile; fileRef = 856F1F4823C5251B00EB81F3 /* ScrollViewController.xib */; };
		856F1F4D23C5253A00EB81F3 /* SearchViewController.swift in Sources */ = {isa = PBXBuildFile; fileRef = 856F1F4B23C5253A00EB81F3 /* SearchViewController.swift */; };
		856F1F4E23C5253A00EB81F3 /* SearchResultsViewController.swift in Sources */ = {isa = PBXBuildFile; fileRef = 856F1F4C23C5253A00EB81F3 /* SearchResultsViewController.swift */; };
/* End PBXBuildFile section */

/* Begin PBXFileReference section */
		852F5DF423C65E22002B01C8 /* NibView.swift */ = {isa = PBXFileReference; lastKnownFileType = sourcecode.swift; path = NibView.swift; sourceTree = "<group>"; };
		852F5DF623C660FF002B01C8 /* UIView+Subviews.swift */ = {isa = PBXFileReference; lastKnownFileType = sourcecode.swift; path = "UIView+Subviews.swift"; sourceTree = "<group>"; };
		852F5DF823C661CD002B01C8 /* NSLayoutConstraint+Activate.swift */ = {isa = PBXFileReference; lastKnownFileType = sourcecode.swift; path = "NSLayoutConstraint+Activate.swift"; sourceTree = "<group>"; };
		852F5DFA23C662C2002B01C8 /* NSLayoutConstraint+Deactivate.swift */ = {isa = PBXFileReference; lastKnownFileType = sourcecode.swift; path = "NSLayoutConstraint+Deactivate.swift"; sourceTree = "<group>"; };
		852F5DFC23C663F8002B01C8 /* SalaryRangePickerView.swift */ = {isa = PBXFileReference; lastKnownFileType = sourcecode.swift; path = SalaryRangePickerView.swift; sourceTree = "<group>"; };
		852F5DFE23C66418002B01C8 /* SalaryRangePickerView.xib */ = {isa = PBXFileReference; lastKnownFileType = file.xib; path = SalaryRangePickerView.xib; sourceTree = "<group>"; };
		852F5E0023C6770E002B01C8 /* String+Inits.swift */ = {isa = PBXFileReference; lastKnownFileType = sourcecode.swift; path = "String+Inits.swift"; sourceTree = "<group>"; };
		856F1ED823C5141500EB81F3 /* JobFinder.app */ = {isa = PBXFileReference; explicitFileType = wrapper.application; includeInIndex = 0; path = JobFinder.app; sourceTree = BUILT_PRODUCTS_DIR; };
		856F1EDB23C5141500EB81F3 /* AppDelegate.swift */ = {isa = PBXFileReference; lastKnownFileType = sourcecode.swift; path = AppDelegate.swift; sourceTree = "<group>"; };
		856F1EDD23C5141500EB81F3 /* SceneDelegate.swift */ = {isa = PBXFileReference; lastKnownFileType = sourcecode.swift; path = SceneDelegate.swift; sourceTree = "<group>"; };
		856F1EE423C5141700EB81F3 /* Assets.xcassets */ = {isa = PBXFileReference; lastKnownFileType = folder.assetcatalog; path = Assets.xcassets; sourceTree = "<group>"; };
		856F1EE723C5141700EB81F3 /* Base */ = {isa = PBXFileReference; lastKnownFileType = file.storyboard; name = Base; path = Base.lproj/LaunchScreen.storyboard; sourceTree = "<group>"; };
		856F1EE923C5141700EB81F3 /* Info.plist */ = {isa = PBXFileReference; lastKnownFileType = text.plist.xml; path = Info.plist; sourceTree = "<group>"; };
		856F1EF123C5186D00EB81F3 /* TabBarController.swift */ = {isa = PBXFileReference; lastKnownFileType = sourcecode.swift; path = TabBarController.swift; sourceTree = "<group>"; };
		856F1EF423C5195C00EB81F3 /* NavigationController.swift */ = {isa = PBXFileReference; lastKnownFileType = sourcecode.swift; path = NavigationController.swift; sourceTree = "<group>"; };
		856F1EF723C51AA000EB81F3 /* jobs.json */ = {isa = PBXFileReference; fileEncoding = 4; lastKnownFileType = text.json; path = jobs.json; sourceTree = "<group>"; };
		856F1EFC23C51B0500EB81F3 /* DataManager.swift */ = {isa = PBXFileReference; lastKnownFileType = sourcecode.swift; path = DataManager.swift; sourceTree = "<group>"; };
		856F1EFF23C51B2500EB81F3 /* Job.swift */ = {isa = PBXFileReference; lastKnownFileType = sourcecode.swift; path = Job.swift; sourceTree = "<group>"; };
		856F1F0123C51B4C00EB81F3 /* ContractType.swift */ = {isa = PBXFileReference; lastKnownFileType = sourcecode.swift; path = ContractType.swift; sourceTree = "<group>"; };
		856F1F0323C51B7B00EB81F3 /* Region.swift */ = {isa = PBXFileReference; lastKnownFileType = sourcecode.swift; path = Region.swift; sourceTree = "<group>"; };
		856F1F0623C51BB300EB81F3 /* Typealias.swift */ = {isa = PBXFileReference; lastKnownFileType = sourcecode.swift; path = Typealias.swift; sourceTree = "<group>"; };
		856F1F0B23C51E2C00EB81F3 /* TableViewController.xib */ = {isa = PBXFileReference; fileEncoding = 4; lastKnownFileType = file.xib; path = TableViewController.xib; sourceTree = "<group>"; };
		856F1F0C23C51E2C00EB81F3 /* TableViewController.swift */ = {isa = PBXFileReference; fileEncoding = 4; lastKnownFileType = sourcecode.swift; path = TableViewController.swift; sourceTree = "<group>"; };
		856F1F1423C51EE600EB81F3 /* RegionTableViewCell.xib */ = {isa = PBXFileReference; fileEncoding = 4; lastKnownFileType = file.xib; path = RegionTableViewCell.xib; sourceTree = "<group>"; };
		856F1F1523C51EE600EB81F3 /* RegionTableViewCell.swift */ = {isa = PBXFileReference; fileEncoding = 4; lastKnownFileType = sourcecode.swift; path = RegionTableViewCell.swift; sourceTree = "<group>"; };
		856F1F1823C51F1900EB81F3 /* TableViewCell.swift */ = {isa = PBXFileReference; fileEncoding = 4; lastKnownFileType = sourcecode.swift; path = TableViewCell.swift; sourceTree = "<group>"; };
		856F1F1D23C51F6200EB81F3 /* Array+Elements.swift */ = {isa = PBXFileReference; fileEncoding = 4; lastKnownFileType = sourcecode.swift; path = "Array+Elements.swift"; sourceTree = "<group>"; };
		856F1F1F23C51F6D00EB81F3 /* UITableViewCell+Id.swift */ = {isa = PBXFileReference; fileEncoding = 4; lastKnownFileType = sourcecode.swift; path = "UITableViewCell+Id.swift"; sourceTree = "<group>"; };
		856F1F2023C51F6D00EB81F3 /* UITableView+Cells.swift */ = {isa = PBXFileReference; fileEncoding = 4; lastKnownFileType = sourcecode.swift; path = "UITableView+Cells.swift"; sourceTree = "<group>"; };
		856F1F2123C51F6E00EB81F3 /* UIColor+Highlight.swift */ = {isa = PBXFileReference; fileEncoding = 4; lastKnownFileType = sourcecode.swift; path = "UIColor+Highlight.swift"; sourceTree = "<group>"; };
		856F1F2223C51F6E00EB81F3 /* UIEdgeInsets+Inits.swift */ = {isa = PBXFileReference; fileEncoding = 4; lastKnownFileType = sourcecode.swift; path = "UIEdgeInsets+Inits.swift"; sourceTree = "<group>"; };
		856F1F2323C51F6E00EB81F3 /* UIStackView+Subviews.swift */ = {isa = PBXFileReference; fileEncoding = 4; lastKnownFileType = sourcecode.swift; path = "UIStackView+Subviews.swift"; sourceTree = "<group>"; };
		856F1F2B23C5203E00EB81F3 /* JobTableViewCell.swift */ = {isa = PBXFileReference; fileEncoding = 4; lastKnownFileType = sourcecode.swift; path = JobTableViewCell.swift; sourceTree = "<group>"; };
		856F1F2C23C5203E00EB81F3 /* JobTableViewCell.xib */ = {isa = PBXFileReference; fileEncoding = 4; lastKnownFileType = file.xib; path = JobTableViewCell.xib; sourceTree = "<group>"; };
		856F1F2F23C520DF00EB81F3 /* ViewController.swift */ = {isa = PBXFileReference; fileEncoding = 4; lastKnownFileType = sourcecode.swift; path = ViewController.swift; sourceTree = "<group>"; };
		856F1F3123C5211700EB81F3 /* RegionsViewController.swift */ = {isa = PBXFileReference; fileEncoding = 4; lastKnownFileType = sourcecode.swift; path = RegionsViewController.swift; sourceTree = "<group>"; };
		856F1F3223C5211700EB81F3 /* RegionViewController.swift */ = {isa = PBXFileReference; fileEncoding = 4; lastKnownFileType = sourcecode.swift; path = RegionViewController.swift; sourceTree = "<group>"; };
		856F1F3523C5219E00EB81F3 /* JobViewController.swift */ = {isa = PBXFileReference; fileEncoding = 4; lastKnownFileType = sourcecode.swift; path = JobViewController.swift; sourceTree = "<group>"; };
		856F1F3723C521DE00EB81F3 /* DetailsTableViewCell.xib */ = {isa = PBXFileReference; fileEncoding = 4; lastKnownFileType = file.xib; path = DetailsTableViewCell.xib; sourceTree = "<group>"; };
		856F1F3823C521DE00EB81F3 /* DetailsTableViewCell.swift */ = {isa = PBXFileReference; fileEncoding = 4; lastKnownFileType = sourcecode.swift; path = DetailsTableViewCell.swift; sourceTree = "<group>"; };
		856F1F4123C5241500EB81F3 /* Constant.swift */ = {isa = PBXFileReference; lastKnownFileType = sourcecode.swift; path = Constant.swift; sourceTree = "<group>"; };
		856F1F4323C5245800EB81F3 /* AboutUsViewController.swift */ = {isa = PBXFileReference; lastKnownFileType = sourcecode.swift; path = AboutUsViewController.swift; sourceTree = "<group>"; };
		856F1F4523C524E500EB81F3 /* Filter.swift */ = {isa = PBXFileReference; lastKnownFileType = sourcecode.swift; path = Filter.swift; sourceTree = "<group>"; };
		856F1F4723C5251B00EB81F3 /* ScrollViewController.swift */ = {isa = PBXFileReference; fileEncoding = 4; lastKnownFileType = sourcecode.swift; path = ScrollViewController.swift; sourceTree = "<group>"; };
		856F1F4823C5251B00EB81F3 /* ScrollViewController.xib */ = {isa = PBXFileReference; fileEncoding = 4; lastKnownFileType = file.xib; path = ScrollViewController.xib; sourceTree = "<group>"; };
		856F1F4B23C5253A00EB81F3 /* SearchViewController.swift */ = {isa = PBXFileReference; fileEncoding = 4; lastKnownFileType = sourcecode.swift; path = SearchViewController.swift; sourceTree = "<group>"; };
		856F1F4C23C5253A00EB81F3 /* SearchResultsViewController.swift */ = {isa = PBXFileReference; fileEncoding = 4; lastKnownFileType = sourcecode.swift; path = SearchResultsViewController.swift; sourceTree = "<group>"; };
/* End PBXFileReference section */

/* Begin PBXFrameworksBuildPhase section */
		856F1ED523C5141500EB81F3 /* Frameworks */ = {
			isa = PBXFrameworksBuildPhase;
			buildActionMask = 2147483647;
			files = (
			);
			runOnlyForDeploymentPostprocessing = 0;
		};
/* End PBXFrameworksBuildPhase section */

/* Begin PBXGroup section */
		852F5DF123C65CA8002B01C8 /* Views */ = {
			isa = PBXGroup;
			children = (
				852F5DF323C65DE0002B01C8 /* Other */,
				852F5DF223C65DDA002B01C8 /* Parents */,
			);
			path = Views;
			sourceTree = "<group>";
		};
		852F5DF223C65DDA002B01C8 /* Parents */ = {
			isa = PBXGroup;
			children = (
				852F5DF423C65E22002B01C8 /* NibView.swift */,
			);
			path = Parents;
			sourceTree = "<group>";
		};
		852F5DF323C65DE0002B01C8 /* Other */ = {
			isa = PBXGroup;
			children = (
				852F5DFC23C663F8002B01C8 /* SalaryRangePickerView.swift */,
				852F5DFE23C66418002B01C8 /* SalaryRangePickerView.xib */,
			);
			path = Other;
			sourceTree = "<group>";
		};
		856F1ECF23C5141500EB81F3 = {
			isa = PBXGroup;
			children = (
				856F1EDA23C5141500EB81F3 /* JobFinder */,
				856F1ED923C5141500EB81F3 /* Products */,
			);
			sourceTree = "<group>";
		};
		856F1ED923C5141500EB81F3 /* Products */ = {
			isa = PBXGroup;
			children = (
				856F1ED823C5141500EB81F3 /* JobFinder.app */,
			);
			name = Products;
			sourceTree = "<group>";
		};
		856F1EDA23C5141500EB81F3 /* JobFinder */ = {
			isa = PBXGroup;
			children = (
				852F5DF123C65CA8002B01C8 /* Views */,
				856F1F1A23C51F3500EB81F3 /* Extensions */,
				856F1F1223C51EC500EB81F3 /* Cells */,
				856F1F0523C51B9D00EB81F3 /* Constants */,
				856F1EFE23C51B1700EB81F3 /* Models */,
				856F1EFB23C51AEC00EB81F3 /* Managers */,
				856F1EF623C51A8600EB81F3 /* Resources */,
				856F1EEF23C5184F00EB81F3 /* ViewControllers */,
				856F1EDB23C5141500EB81F3 /* AppDelegate.swift */,
				856F1EDD23C5141500EB81F3 /* SceneDelegate.swift */,
				856F1EE423C5141700EB81F3 /* Assets.xcassets */,
				856F1EE623C5141700EB81F3 /* LaunchScreen.storyboard */,
				856F1EE923C5141700EB81F3 /* Info.plist */,
			);
			path = JobFinder;
			sourceTree = "<group>";
		};
		856F1EEF23C5184F00EB81F3 /* ViewControllers */ = {
			isa = PBXGroup;
			children = (
				856F1F0F23C51E6500EB81F3 /* Other */,
				856F1EF323C5193500EB81F3 /* NavigationControllers */,
				856F1F0823C51DE200EB81F3 /* Parents */,
				856F1EF023C5185C00EB81F3 /* TabBars */,
			);
			path = ViewControllers;
			sourceTree = "<group>";
		};
		856F1EF023C5185C00EB81F3 /* TabBars */ = {
			isa = PBXGroup;
			children = (
				856F1EF123C5186D00EB81F3 /* TabBarController.swift */,
			);
			path = TabBars;
			sourceTree = "<group>";
		};
		856F1EF323C5193500EB81F3 /* NavigationControllers */ = {
			isa = PBXGroup;
			children = (
				856F1EF423C5195C00EB81F3 /* NavigationController.swift */,
			);
			path = NavigationControllers;
			sourceTree = "<group>";
		};
		856F1EF623C51A8600EB81F3 /* Resources */ = {
			isa = PBXGroup;
			children = (
				856F1EF723C51AA000EB81F3 /* jobs.json */,
			);
			path = Resources;
			sourceTree = "<group>";
		};
		856F1EFB23C51AEC00EB81F3 /* Managers */ = {
			isa = PBXGroup;
			children = (
				856F1EFC23C51B0500EB81F3 /* DataManager.swift */,
			);
			path = Managers;
			sourceTree = "<group>";
		};
		856F1EFE23C51B1700EB81F3 /* Models */ = {
			isa = PBXGroup;
			children = (
				856F1F0123C51B4C00EB81F3 /* ContractType.swift */,
				856F1F4523C524E500EB81F3 /* Filter.swift */,
				856F1EFF23C51B2500EB81F3 /* Job.swift */,
				856F1F0323C51B7B00EB81F3 /* Region.swift */,
			);
			path = Models;
			sourceTree = "<group>";
		};
		856F1F0523C51B9D00EB81F3 /* Constants */ = {
			isa = PBXGroup;
			children = (
				856F1F4123C5241500EB81F3 /* Constant.swift */,
				856F1F0623C51BB300EB81F3 /* Typealias.swift */,
			);
			path = Constants;
			sourceTree = "<group>";
		};
		856F1F0823C51DE200EB81F3 /* Parents */ = {
			isa = PBXGroup;
			children = (
				856F1F4723C5251B00EB81F3 /* ScrollViewController.swift */,
				856F1F4823C5251B00EB81F3 /* ScrollViewController.xib */,
				856F1F0C23C51E2C00EB81F3 /* TableViewController.swift */,
				856F1F0B23C51E2C00EB81F3 /* TableViewController.xib */,
				856F1F2F23C520DF00EB81F3 /* ViewController.swift */,
			);
			path = Parents;
			sourceTree = "<group>";
		};
		856F1F0F23C51E6500EB81F3 /* Other */ = {
			isa = PBXGroup;
			children = (
				856F1F4323C5245800EB81F3 /* AboutUsViewController.swift */,
				856F1F3523C5219E00EB81F3 /* JobViewController.swift */,
				856F1F3123C5211700EB81F3 /* RegionsViewController.swift */,
				856F1F3223C5211700EB81F3 /* RegionViewController.swift */,
				856F1F4C23C5253A00EB81F3 /* SearchResultsViewController.swift */,
				856F1F4B23C5253A00EB81F3 /* SearchViewController.swift */,
			);
			path = Other;
			sourceTree = "<group>";
		};
		856F1F1223C51EC500EB81F3 /* Cells */ = {
			isa = PBXGroup;
			children = (
				856F1F1323C51ECA00EB81F3 /* TableView */,
			);
			path = Cells;
			sourceTree = "<group>";
		};
		856F1F1323C51ECA00EB81F3 /* TableView */ = {
			isa = PBXGroup;
			children = (
				856F1F3823C521DE00EB81F3 /* DetailsTableViewCell.swift */,
				856F1F3723C521DE00EB81F3 /* DetailsTableViewCell.xib */,
				856F1F2B23C5203E00EB81F3 /* JobTableViewCell.swift */,
				856F1F2C23C5203E00EB81F3 /* JobTableViewCell.xib */,
				856F1F1523C51EE600EB81F3 /* RegionTableViewCell.swift */,
				856F1F1423C51EE600EB81F3 /* RegionTableViewCell.xib */,
				856F1F1823C51F1900EB81F3 /* TableViewCell.swift */,
			);
			path = TableView;
			sourceTree = "<group>";
		};
		856F1F1A23C51F3500EB81F3 /* Extensions */ = {
			isa = PBXGroup;
			children = (
				856F1F1C23C51F4C00EB81F3 /* Foundation */,
				856F1F1B23C51F4000EB81F3 /* UIKit */,
			);
			path = Extensions;
			sourceTree = "<group>";
		};
		856F1F1B23C51F4000EB81F3 /* UIKit */ = {
			isa = PBXGroup;
			children = (
				852F5DF823C661CD002B01C8 /* NSLayoutConstraint+Activate.swift */,
				852F5DFA23C662C2002B01C8 /* NSLayoutConstraint+Deactivate.swift */,
				856F1F2123C51F6E00EB81F3 /* UIColor+Highlight.swift */,
				856F1F2223C51F6E00EB81F3 /* UIEdgeInsets+Inits.swift */,
				856F1F2323C51F6E00EB81F3 /* UIStackView+Subviews.swift */,
				856F1F2023C51F6D00EB81F3 /* UITableView+Cells.swift */,
				856F1F1F23C51F6D00EB81F3 /* UITableViewCell+Id.swift */,
				852F5DF623C660FF002B01C8 /* UIView+Subviews.swift */,
			);
			path = UIKit;
			sourceTree = "<group>";
		};
		856F1F1C23C51F4C00EB81F3 /* Foundation */ = {
			isa = PBXGroup;
			children = (
				856F1F1D23C51F6200EB81F3 /* Array+Elements.swift */,
				852F5E0023C6770E002B01C8 /* String+Inits.swift */,
			);
			path = Foundation;
			sourceTree = "<group>";
		};
/* End PBXGroup section */

/* Begin PBXNativeTarget section */
		856F1ED723C5141500EB81F3 /* JobFinder */ = {
			isa = PBXNativeTarget;
			buildConfigurationList = 856F1EEC23C5141700EB81F3 /* Build configuration list for PBXNativeTarget "JobFinder" */;
			buildPhases = (
				856F1ED423C5141500EB81F3 /* Sources */,
				856F1ED523C5141500EB81F3 /* Frameworks */,
				856F1ED623C5141500EB81F3 /* Resources */,
			);
			buildRules = (
			);
			dependencies = (
			);
			name = JobFinder;
			productName = JobFinder;
			productReference = 856F1ED823C5141500EB81F3 /* JobFinder.app */;
			productType = "com.apple.product-type.application";
		};
/* End PBXNativeTarget section */

/* Begin PBXProject section */
		856F1ED023C5141500EB81F3 /* Project object */ = {
			isa = PBXProject;
			attributes = {
				LastSwiftUpdateCheck = 1130;
				LastUpgradeCheck = 1130;
				ORGANIZATIONNAME = "Pavlin Panayotov";
				TargetAttributes = {
					856F1ED723C5141500EB81F3 = {
						CreatedOnToolsVersion = 11.3;
					};
				};
			};
			buildConfigurationList = 856F1ED323C5141500EB81F3 /* Build configuration list for PBXProject "JobFinder" */;
			compatibilityVersion = "Xcode 9.3";
			developmentRegion = en;
			hasScannedForEncodings = 0;
			knownRegions = (
				en,
				Base,
			);
			mainGroup = 856F1ECF23C5141500EB81F3;
			productRefGroup = 856F1ED923C5141500EB81F3 /* Products */;
			projectDirPath = "";
			projectRoot = "";
			targets = (
				856F1ED723C5141500EB81F3 /* JobFinder */,
			);
		};
/* End PBXProject section */

/* Begin PBXResourcesBuildPhase section */
		856F1ED623C5141500EB81F3 /* Resources */ = {
			isa = PBXResourcesBuildPhase;
			buildActionMask = 2147483647;
			files = (
				856F1EF823C51AA100EB81F3 /* jobs.json in Resources */,
				856F1F1623C51EE600EB81F3 /* RegionTableViewCell.xib in Resources */,
				852F5DFF23C66418002B01C8 /* SalaryRangePickerView.xib in Resources */,
				856F1EE823C5141700EB81F3 /* LaunchScreen.storyboard in Resources */,
				856F1EE523C5141700EB81F3 /* Assets.xcassets in Resources */,
				856F1F0D23C51E2C00EB81F3 /* TableViewController.xib in Resources */,
				856F1F2E23C5203E00EB81F3 /* JobTableViewCell.xib in Resources */,
				856F1F3923C521DE00EB81F3 /* DetailsTableViewCell.xib in Resources */,
				856F1F4A23C5251B00EB81F3 /* ScrollViewController.xib in Resources */,
			);
			runOnlyForDeploymentPostprocessing = 0;
		};
/* End PBXResourcesBuildPhase section */

/* Begin PBXSourcesBuildPhase section */
		856F1ED423C5141500EB81F3 /* Sources */ = {
			isa = PBXSourcesBuildPhase;
			buildActionMask = 2147483647;
			files = (
				852F5DFD23C663F8002B01C8 /* SalaryRangePickerView.swift in Sources */,
				856F1F2623C51F6E00EB81F3 /* UIColor+Highlight.swift in Sources */,
				852F5E0123C6770E002B01C8 /* String+Inits.swift in Sources */,
				856F1EF223C5186D00EB81F3 /* TabBarController.swift in Sources */,
				856F1F0723C51BB300EB81F3 /* Typealias.swift in Sources */,
				856F1F4923C5251B00EB81F3 /* ScrollViewController.swift in Sources */,
				856F1F3023C520DF00EB81F3 /* ViewController.swift in Sources */,
				856F1F0023C51B2500EB81F3 /* Job.swift in Sources */,
				856F1F3623C5219E00EB81F3 /* JobViewController.swift in Sources */,
				856F1F3A23C521DE00EB81F3 /* DetailsTableViewCell.swift in Sources */,
				852F5DF523C65E22002B01C8 /* NibView.swift in Sources */,
				856F1F1923C51F1900EB81F3 /* TableViewCell.swift in Sources */,
				856F1F4223C5241500EB81F3 /* Constant.swift in Sources */,
				852F5DFB23C662C2002B01C8 /* NSLayoutConstraint+Deactivate.swift in Sources */,
				856F1F2823C51F6E00EB81F3 /* UIStackView+Subviews.swift in Sources */,
				852F5DF723C660FF002B01C8 /* UIView+Subviews.swift in Sources */,
				856F1F3323C5211700EB81F3 /* RegionsViewController.swift in Sources */,
				856F1EFD23C51B0500EB81F3 /* DataManager.swift in Sources */,
				856F1F0423C51B7B00EB81F3 /* Region.swift in Sources */,
				856F1F3423C5211700EB81F3 /* RegionViewController.swift in Sources */,
				856F1F4423C5245800EB81F3 /* AboutUsViewController.swift in Sources */,
				856F1F1723C51EE600EB81F3 /* RegionTableViewCell.swift in Sources */,
				856F1F0E23C51E2C00EB81F3 /* TableViewController.swift in Sources */,
				856F1EF523C5195C00EB81F3 /* NavigationController.swift in Sources */,
				856F1F4E23C5253A00EB81F3 /* SearchResultsViewController.swift in Sources */,
				856F1EDC23C5141500EB81F3 /* AppDelegate.swift in Sources */,
				856F1F2D23C5203E00EB81F3 /* JobTableViewCell.swift in Sources */,
				852F5DF923C661CD002B01C8 /* NSLayoutConstraint+Activate.swift in Sources */,
				856F1F2423C51F6E00EB81F3 /* UITableViewCell+Id.swift in Sources */,
				856F1F1E23C51F6200EB81F3 /* Array+Elements.swift in Sources */,
				856F1F2523C51F6E00EB81F3 /* UITableView+Cells.swift in Sources */,
				856F1F2723C51F6E00EB81F3 /* UIEdgeInsets+Inits.swift in Sources */,
				856F1EDE23C5141500EB81F3 /* SceneDelegate.swift in Sources */,
				856F1F4623C524E500EB81F3 /* Filter.swift in Sources */,
				856F1F0223C51B4C00EB81F3 /* ContractType.swift in Sources */,
				856F1F4D23C5253A00EB81F3 /* SearchViewController.swift in Sources */,
			);
			runOnlyForDeploymentPostprocessing = 0;
		};
/* End PBXSourcesBuildPhase section */

/* Begin PBXVariantGroup section */
		856F1EE623C5141700EB81F3 /* LaunchScreen.storyboard */ = {
			isa = PBXVariantGroup;
			children = (
				856F1EE723C5141700EB81F3 /* Base */,
			);
			name = LaunchScreen.storyboard;
			sourceTree = "<group>";
		};
/* End PBXVariantGroup section */

/* Begin XCBuildConfiguration section */
		856F1EEA23C5141700EB81F3 /* Debug */ = {
			isa = XCBuildConfiguration;
			buildSettings = {
				ALWAYS_SEARCH_USER_PATHS = NO;
				CLANG_ANALYZER_NONNULL = YES;
				CLANG_ANALYZER_NUMBER_OBJECT_CONVERSION = YES_AGGRESSIVE;
				CLANG_CXX_LANGUAGE_STANDARD = "gnu++14";
				CLANG_CXX_LIBRARY = "libc++";
				CLANG_ENABLE_MODULES = YES;
				CLANG_ENABLE_OBJC_ARC = YES;
				CLANG_ENABLE_OBJC_WEAK = YES;
				CLANG_WARN_BLOCK_CAPTURE_AUTORELEASING = YES;
				CLANG_WARN_BOOL_CONVERSION = YES;
				CLANG_WARN_COMMA = YES;
				CLANG_WARN_CONSTANT_CONVERSION = YES;
				CLANG_WARN_DEPRECATED_OBJC_IMPLEMENTATIONS = YES;
				CLANG_WARN_DIRECT_OBJC_ISA_USAGE = YES_ERROR;
				CLANG_WARN_DOCUMENTATION_COMMENTS = YES;
				CLANG_WARN_EMPTY_BODY = YES;
				CLANG_WARN_ENUM_CONVERSION = YES;
				CLANG_WARN_INFINITE_RECURSION = YES;
				CLANG_WARN_INT_CONVERSION = YES;
				CLANG_WARN_NON_LITERAL_NULL_CONVERSION = YES;
				CLANG_WARN_OBJC_IMPLICIT_RETAIN_SELF = YES;
				CLANG_WARN_OBJC_LITERAL_CONVERSION = YES;
				CLANG_WARN_OBJC_ROOT_CLASS = YES_ERROR;
				CLANG_WARN_RANGE_LOOP_ANALYSIS = YES;
				CLANG_WARN_STRICT_PROTOTYPES = YES;
				CLANG_WARN_SUSPICIOUS_MOVE = YES;
				CLANG_WARN_UNGUARDED_AVAILABILITY = YES_AGGRESSIVE;
				CLANG_WARN_UNREACHABLE_CODE = YES;
				CLANG_WARN__DUPLICATE_METHOD_MATCH = YES;
				COPY_PHASE_STRIP = NO;
				DEBUG_INFORMATION_FORMAT = dwarf;
				ENABLE_STRICT_OBJC_MSGSEND = YES;
				ENABLE_TESTABILITY = YES;
				GCC_C_LANGUAGE_STANDARD = gnu11;
				GCC_DYNAMIC_NO_PIC = NO;
				GCC_NO_COMMON_BLOCKS = YES;
				GCC_OPTIMIZATION_LEVEL = 0;
				GCC_PREPROCESSOR_DEFINITIONS = (
					"DEBUG=1",
					"$(inherited)",
				);
				GCC_WARN_64_TO_32_BIT_CONVERSION = YES;
				GCC_WARN_ABOUT_RETURN_TYPE = YES_ERROR;
				GCC_WARN_UNDECLARED_SELECTOR = YES;
				GCC_WARN_UNINITIALIZED_AUTOS = YES_AGGRESSIVE;
				GCC_WARN_UNUSED_FUNCTION = YES;
				GCC_WARN_UNUSED_VARIABLE = YES;
				IPHONEOS_DEPLOYMENT_TARGET = 13.2;
				MTL_ENABLE_DEBUG_INFO = INCLUDE_SOURCE;
				MTL_FAST_MATH = YES;
				ONLY_ACTIVE_ARCH = YES;
				SDKROOT = iphoneos;
				SWIFT_ACTIVE_COMPILATION_CONDITIONS = DEBUG;
				SWIFT_OPTIMIZATION_LEVEL = "-Onone";
			};
			name = Debug;
		};
		856F1EEB23C5141700EB81F3 /* Release */ = {
			isa = XCBuildConfiguration;
			buildSettings = {
				ALWAYS_SEARCH_USER_PATHS = NO;
				CLANG_ANALYZER_NONNULL = YES;
				CLANG_ANALYZER_NUMBER_OBJECT_CONVERSION = YES_AGGRESSIVE;
				CLANG_CXX_LANGUAGE_STANDARD = "gnu++14";
				CLANG_CXX_LIBRARY = "libc++";
				CLANG_ENABLE_MODULES = YES;
				CLANG_ENABLE_OBJC_ARC = YES;
				CLANG_ENABLE_OBJC_WEAK = YES;
				CLANG_WARN_BLOCK_CAPTURE_AUTORELEASING = YES;
				CLANG_WARN_BOOL_CONVERSION = YES;
				CLANG_WARN_COMMA = YES;
				CLANG_WARN_CONSTANT_CONVERSION = YES;
				CLANG_WARN_DEPRECATED_OBJC_IMPLEMENTATIONS = YES;
				CLANG_WARN_DIRECT_OBJC_ISA_USAGE = YES_ERROR;
				CLANG_WARN_DOCUMENTATION_COMMENTS = YES;
				CLANG_WARN_EMPTY_BODY = YES;
				CLANG_WARN_ENUM_CONVERSION = YES;
				CLANG_WARN_INFINITE_RECURSION = YES;
				CLANG_WARN_INT_CONVERSION = YES;
				CLANG_WARN_NON_LITERAL_NULL_CONVERSION = YES;
				CLANG_WARN_OBJC_IMPLICIT_RETAIN_SELF = YES;
				CLANG_WARN_OBJC_LITERAL_CONVERSION = YES;
				CLANG_WARN_OBJC_ROOT_CLASS = YES_ERROR;
				CLANG_WARN_RANGE_LOOP_ANALYSIS = YES;
				CLANG_WARN_STRICT_PROTOTYPES = YES;
				CLANG_WARN_SUSPICIOUS_MOVE = YES;
				CLANG_WARN_UNGUARDED_AVAILABILITY = YES_AGGRESSIVE;
				CLANG_WARN_UNREACHABLE_CODE = YES;
				CLANG_WARN__DUPLICATE_METHOD_MATCH = YES;
				COPY_PHASE_STRIP = NO;
				DEBUG_INFORMATION_FORMAT = "dwarf-with-dsym";
				ENABLE_NS_ASSERTIONS = NO;
				ENABLE_STRICT_OBJC_MSGSEND = YES;
				GCC_C_LANGUAGE_STANDARD = gnu11;
				GCC_NO_COMMON_BLOCKS = YES;
				GCC_WARN_64_TO_32_BIT_CONVERSION = YES;
				GCC_WARN_ABOUT_RETURN_TYPE = YES_ERROR;
				GCC_WARN_UNDECLARED_SELECTOR = YES;
				GCC_WARN_UNINITIALIZED_AUTOS = YES_AGGRESSIVE;
				GCC_WARN_UNUSED_FUNCTION = YES;
				GCC_WARN_UNUSED_VARIABLE = YES;
				IPHONEOS_DEPLOYMENT_TARGET = 13.2;
				MTL_ENABLE_DEBUG_INFO = NO;
				MTL_FAST_MATH = YES;
				SDKROOT = iphoneos;
				SWIFT_COMPILATION_MODE = wholemodule;
				SWIFT_OPTIMIZATION_LEVEL = "-O";
				VALIDATE_PRODUCT = YES;
			};
			name = Release;
		};
		856F1EED23C5141700EB81F3 /* Debug */ = {
			isa = XCBuildConfiguration;
			buildSettings = {
				ASSETCATALOG_COMPILER_APPICON_NAME = AppIcon;
				CODE_SIGN_STYLE = Automatic;
				DEVELOPMENT_TEAM = U2AS5R25PD;
				INFOPLIST_FILE = JobFinder/Info.plist;
				IPHONEOS_DEPLOYMENT_TARGET = 13.0;
				LD_RUNPATH_SEARCH_PATHS = (
					"$(inherited)",
					"@executable_path/Frameworks",
				);
				PRODUCT_BUNDLE_IDENTIFIER = pavlin.panayotov.JobFinder;
				PRODUCT_NAME = "$(TARGET_NAME)";
				SWIFT_VERSION = 5.0;
				TARGETED_DEVICE_FAMILY = "1,2";
			};
			name = Debug;
		};
		856F1EEE23C5141700EB81F3 /* Release */ = {
			isa = XCBuildConfiguration;
			buildSettings = {
				ASSETCATALOG_COMPILER_APPICON_NAME = AppIcon;
				CODE_SIGN_STYLE = Automatic;
				DEVELOPMENT_TEAM = U2AS5R25PD;
				INFOPLIST_FILE = JobFinder/Info.plist;
				IPHONEOS_DEPLOYMENT_TARGET = 13.0;
				LD_RUNPATH_SEARCH_PATHS = (
					"$(inherited)",
					"@executable_path/Frameworks",
				);
				PRODUCT_BUNDLE_IDENTIFIER = pavlin.panayotov.JobFinder;
				PRODUCT_NAME = "$(TARGET_NAME)";
				SWIFT_VERSION = 5.0;
				TARGETED_DEVICE_FAMILY = "1,2";
			};
			name = Release;
		};
/* End XCBuildConfiguration section */

/* Begin XCConfigurationList section */
		856F1ED323C5141500EB81F3 /* Build configuration list for PBXProject "JobFinder" */ = {
			isa = XCConfigurationList;
			buildConfigurations = (
				856F1EEA23C5141700EB81F3 /* Debug */,
				856F1EEB23C5141700EB81F3 /* Release */,
			);
			defaultConfigurationIsVisible = 0;
			defaultConfigurationName = Release;
		};
		856F1EEC23C5141700EB81F3 /* Build configuration list for PBXNativeTarget "JobFinder" */ = {
			isa = XCConfigurationList;
			buildConfigurations = (
				856F1EED23C5141700EB81F3 /* Debug */,
				856F1EEE23C5141700EB81F3 /* Release */,
			);
			defaultConfigurationIsVisible = 0;
			defaultConfigurationName = Release;
		};
/* End XCConfigurationList section */
	};
	rootObject = 856F1ED023C5141500EB81F3 /* Project object */;
}
